
Microsoft Visual Studio Solution File, Format Version 12.00
# Visual Studio Version 18
VisualStudioVersion = 18.3.11222.16
MinimumVisualStudioVersion = 10.0.40219.1
Project("{2150E333-8FDC-42A3-9474-1A3956D46DE8}") = "src", "src", "{BC208EBC-1E8E-4E7D-BAB6-E6AE0124F475}"
EndProject
Project("{FAE04EC0-301F-11D3-BF4B-00C04F79EFBC}") = "StudentManagement.Domain", "src\StudentManagement.Domain\StudentManagement.Domain.csproj", "{38F61165-9863-498E-A75E-C2CD3BD18CD1}"
EndProject
Project("{FAE04EC0-301F-11D3-BF4B-00C04F79EFBC}") = "StudentManagement.Application", "src\StudentManagement.Application\StudentManagement.Application.csproj", "{1E40999C-8E64-4013-A48D-330200903D14}"
EndProject
Project("{FAE04EC0-301F-11D3-BF4B-00C04F79EFBC}") = "StudentManagement.Infrastructure", "src\StudentManagement.Infrastructure\StudentManagement.Infrastructure.csproj", "{50A92BEE-182B-4E67-9CCD-90D30B67ACA1}"
EndProject
Project("{FAE04EC0-301F-11D3-BF4B-00C04F79EFBC}") = "StudentManagement.WebApi", "src\StudentManagement.WebApi\StudentManagement.WebApi.csproj", "{DB1286BF-13EF-45C4-A3F8-437FC696AA06}"
EndProject
Project("{2150E333-8FDC-42A3-9474-1A3956D46DE8}") = "02. Application", "02. Application", "{02EA681E-C7D8-13C7-8484-4AC65E1B71E8}"
EndProject
Project("{2150E333-8FDC-42A3-9474-1A3956D46DE8}") = "01. Domain", "01. Domain", "{A1E5B6BC-923B-47AE-92A5-1B0719B6DF67}"
EndProject
Project("{2150E333-8FDC-42A3-9474-1A3956D46DE8}") = "03. Infrastructure", "03. Infrastructure", "{161170C1-8908-437D-A1A9-EC16F0399614}"
EndProject
Project("{2150E333-8FDC-42A3-9474-1A3956D46DE8}") = "04. WebApi", "04. WebApi", "{E8DEB8A4-45F9-497E-AA15-6DEA76D3406A}"
EndProject
Project("{2150E333-8FDC-42A3-9474-1A3956D46DE8}") = "99. Unit Test", "99. Unit Test", "{1A9477F6-0FE3-1AF8-6CB5-AF7EF55D1068}"
EndProject
Project("{FAE04EC0-301F-11D3-BF4B-00C04F79EFBC}") = "StudentManagement.Domain.Tests", "tests\StudentManagement.Domain.Tests\StudentManagement.Domain.Tests.csproj", "{930095EB-C508-6E23-34D4-DE0B4955F023}"
EndProject
Global
	GlobalSection(SolutionConfigurationPlatforms) = preSolution
		Debug|Any CPU = Debug|Any CPU
		Debug|x64 = Debug|x64
		Debug|x86 = Debug|x86
		Release|Any CPU = Release|Any CPU
		Release|x64 = Release|x64
		Release|x86 = Release|x86
	EndGlobalSection
	GlobalSection(ProjectConfigurationPlatforms) = postSolution
		{38F61165-9863-498E-A75E-C2CD3BD18CD1}.Debug|Any CPU.ActiveCfg = Debug|Any CPU
		{38F61165-9863-498E-A75E-C2CD3BD18CD1}.Debug|Any CPU.Build.0 = Debug|Any CPU
		{38F61165-9863-498E-A75E-C2CD3BD18CD1}.Debug|x64.ActiveCfg = Debug|Any CPU
		{38F61165-9863-498E-A75E-C2CD3BD18CD1}.Debug|x64.Build.0 = Debug|Any CPU
		{38F61165-9863-498E-A75E-C2CD3BD18CD1}.Debug|x86.ActiveCfg = Debug|Any CPU
		{38F61165-9863-498E-A75E-C2CD3BD18CD1}.Debug|x86.Build.0 = Debug|Any CPU
		{38F61165-9863-498E-A75E-C2CD3BD18CD1}.Release|Any CPU.ActiveCfg = Release|Any CPU
		{38F61165-9863-498E-A75E-C2CD3BD18CD1}.Release|Any CPU.Build.0 = Release|Any CPU
		{38F61165-9863-498E-A75E-C2CD3BD18CD1}.Release|x64.ActiveCfg = Release|Any CPU
		{38F61165-9863-498E-A75E-C2CD3BD18CD1}.Release|x64.Build.0 = Release|Any CPU
		{38F61165-9863-498E-A75E-C2CD3BD18CD1}.Release|x86.ActiveCfg = Release|Any CPU
		{38F61165-9863-498E-A75E-C2CD3BD18CD1}.Release|x86.Build.0 = Release|Any CPU
		{1E40999C-8E64-4013-A48D-330200903D14}.Debug|Any CPU.ActiveCfg = Debug|Any CPU
		{1E40999C-8E64-4013-A48D-330200903D14}.Debug|Any CPU.Build.0 = Debug|Any CPU
		{1E40999C-8E64-4013-A48D-330200903D14}.Debug|x64.ActiveCfg = Debug|Any CPU
		{1E40999C-8E64-4013-A48D-330200903D14}.Debug|x64.Build.0 = Debug|Any CPU
		{1E40999C-8E64-4013-A48D-330200903D14}.Debug|x86.ActiveCfg = Debug|Any CPU
		{1E40999C-8E64-4013-A48D-330200903D14}.Debug|x86.Build.0 = Debug|Any CPU
		{1E40999C-8E64-4013-A48D-330200903D14}.Release|Any CPU.ActiveCfg = Release|Any CPU
		{1E40999C-8E64-4013-A48D-330200903D14}.Release|Any CPU.Build.0 = Release|Any CPU
		{1E40999C-8E64-4013-A48D-330200903D14}.Release|x64.ActiveCfg = Release|Any CPU
		{1E40999C-8E64-4013-A48D-330200903D14}.Release|x64.Build.0 = Release|Any CPU
		{1E40999C-8E64-4013-A48D-330200903D14}.Release|x86.ActiveCfg = Release|Any CPU
		{1E40999C-8E64-4013-A48D-330200903D14}.Release|x86.Build.0 = Release|Any CPU
		{50A92BEE-182B-4E67-9CCD-90D30B67ACA1}.Debug|Any CPU.ActiveCfg = Debug|Any CPU
		{50A92BEE-182B-4E67-9CCD-90D30B67ACA1}.Debug|Any CPU.Build.0 = Debug|Any CPU
		{50A92BEE-182B-4E67-9CCD-90D30B67ACA1}.Debug|x64.ActiveCfg = Debug|Any CPU
		{50A92BEE-182B-4E67-9CCD-90D30B67ACA1}.Debug|x64.Build.0 = Debug|Any CPU
		{50A92BEE-182B-4E67-9CCD-90D30B67ACA1}.Debug|x86.ActiveCfg = Debug|Any CPU
		{50A92BEE-182B-4E67-9CCD-90D30B67ACA1}.Debug|x86.Build.0 = Debug|Any CPU
		{50A92BEE-182B-4E67-9CCD-90D30B67ACA1}.Release|Any CPU.ActiveCfg = Release|Any CPU
		{50A92BEE-182B-4E67-9CCD-90D30B67ACA1}.Release|Any CPU.Build.0 = Release|Any CPU
		{50A92BEE-182B-4E67-9CCD-90D30B67ACA1}.Release|x64.ActiveCfg = Release|Any CPU
		{50A92BEE-182B-4E67-9CCD-90D30B67ACA1}.Release|x64.Build.0 = Release|Any CPU
		{50A92BEE-182B-4E67-9CCD-90D30B67ACA1}.Release|x86.ActiveCfg = Release|Any CPU
		{50A92BEE-182B-4E67-9CCD-90D30B67ACA1}.Release|x86.Build.0 = Release|Any CPU
		{DB1286BF-13EF-45C4-A3F8-437FC696AA06}.Debug|Any CPU.ActiveCfg = Debug|Any CPU
		{DB1286BF-13EF-45C4-A3F8-437FC696AA06}.Debug|Any CPU.Build.0 = Debug|Any CPU
		{DB1286BF-13EF-45C4-A3F8-437FC696AA06}.Debug|x64.ActiveCfg = Debug|Any CPU
		{DB1286BF-13EF-45C4-A3F8-437FC696AA06}.Debug|x64.Build.0 = Debug|Any CPU
		{DB1286BF-13EF-45C4-A3F8-437FC696AA06}.Debug|x86.ActiveCfg = Debug|Any CPU
		{DB1286BF-13EF-45C4-A3F8-437FC696AA06}.Debug|x86.Build.0 = Debug|Any CPU
		{DB1286BF-13EF-45C4-A3F8-437FC696AA06}.Release|Any CPU.ActiveCfg = Release|Any CPU
		{DB1286BF-13EF-45C4-A3F8-437FC696AA06}.Release|Any CPU.Build.0 = Release|Any CPU
		{DB1286BF-13EF-45C4-A3F8-437FC696AA06}.Release|x64.ActiveCfg = Release|Any CPU
		{DB1286BF-13EF-45C4-A3F8-437FC696AA06}.Release|x64.Build.0 = Release|Any CPU
		{DB1286BF-13EF-45C4-A3F8-437FC696AA06}.Release|x86.ActiveCfg = Release|Any CPU
		{DB1286BF-13EF-45C4-A3F8-437FC696AA06}.Release|x86.Build.0 = Release|Any CPU
		{930095EB-C508-6E23-34D4-DE0B4955F023}.Debug|Any CPU.ActiveCfg = Debug|Any CPU
		{930095EB-C508-6E23-34D4-DE0B4955F023}.Debug|Any CPU.Build.0 = Debug|Any CPU
		{930095EB-C508-6E23-34D4-DE0B4955F023}.Debug|x64.ActiveCfg = Debug|Any CPU
		{930095EB-C508-6E23-34D4-DE0B4955F023}.Debug|x64.Build.0 = Debug|Any CPU
		{930095EB-C508-6E23-34D4-DE0B4955F023}.Debug|x86.ActiveCfg = Debug|Any CPU
		{930095EB-C508-6E23-34D4-DE0B4955F023}.Debug|x86.Build.0 = Debug|Any CPU
		{930095EB-C508-6E23-34D4-DE0B4955F023}.Release|Any CPU.ActiveCfg = Release|Any CPU
		{930095EB-C508-6E23-34D4-DE0B4955F023}.Release|Any CPU.Build.0 = Release|Any CPU
		{930095EB-C508-6E23-34D4-DE0B4955F023}.Release|x64.ActiveCfg = Release|Any CPU
		{930095EB-C508-6E23-34D4-DE0B4955F023}.Release|x64.Build.0 = Release|Any CPU
		{930095EB-C508-6E23-34D4-DE0B4955F023}.Release|x86.ActiveCfg = Release|Any CPU
		{930095EB-C508-6E23-34D4-DE0B4955F023}.Release|x86.Build.0 = Release|Any CPU
	EndGlobalSection
	GlobalSection(SolutionProperties) = preSolution
		HideSolutionNode = FALSE
	EndGlobalSection
	GlobalSection(NestedProjects) = preSolution
		{38F61165-9863-498E-A75E-C2CD3BD18CD1} = {A1E5B6BC-923B-47AE-92A5-1B0719B6DF67}
		{1E40999C-8E64-4013-A48D-330200903D14} = {02EA681E-C7D8-13C7-8484-4AC65E1B71E8}
		{50A92BEE-182B-4E67-9CCD-90D30B67ACA1} = {161170C1-8908-437D-A1A9-EC16F0399614}
		{DB1286BF-13EF-45C4-A3F8-437FC696AA06} = {E8DEB8A4-45F9-497E-AA15-6DEA76D3406A}
		{02EA681E-C7D8-13C7-8484-4AC65E1B71E8} = {BC208EBC-1E8E-4E7D-BAB6-E6AE0124F475}
		{A1E5B6BC-923B-47AE-92A5-1B0719B6DF67} = {BC208EBC-1E8E-4E7D-BAB6-E6AE0124F475}
		{161170C1-8908-437D-A1A9-EC16F0399614} = {BC208EBC-1E8E-4E7D-BAB6-E6AE0124F475}
		{E8DEB8A4-45F9-497E-AA15-6DEA76D3406A} = {BC208EBC-1E8E-4E7D-BAB6-E6AE0124F475}
		{1A9477F6-0FE3-1AF8-6CB5-AF7EF55D1068} = {BC208EBC-1E8E-4E7D-BAB6-E6AE0124F475}
		{930095EB-C508-6E23-34D4-DE0B4955F023} = {1A9477F6-0FE3-1AF8-6CB5-AF7EF55D1068}
	EndGlobalSection
	GlobalSection(ExtensibilityGlobals) = postSolution
		SolutionGuid = {7A6EE298-C8F5-4C46-9A16-BF4171D22387}
	EndGlobalSection
EndGlobal
